
Microsoft Visual Studio Solution File, Format Version 12.00
# Visual Studio Version 16
VisualStudioVersion = 16.0.32510.428
MinimumVisualStudioVersion = 10.0.40219.1
Project("{2150E333-8FDC-42A3-9474-1A3956D46DE8}") = "src", "src", "{D8A9276E-974D-412D-BC36-7CDDF3133AB8}"
EndProject
Project("{2150E333-8FDC-42A3-9474-1A3956D46DE8}") = "Aplicacion", "Aplicacion", "{7C77D3F7-8F93-4334-8310-F1AAECA4BB93}"
EndProject
Project("{2150E333-8FDC-42A3-9474-1A3956D46DE8}") = "Dominio", "Dominio", "{34F0466C-3D63-4681-9E91-7247F3DECE62}"
EndProject
Project("{2150E333-8FDC-42A3-9474-1A3956D46DE8}") = "Infraestructura", "Infraestructura", "{54F0A27A-80AF-44AC-AACA-E2CAAC53FF15}"
EndProject
Project("{2150E333-8FDC-42A3-9474-1A3956D46DE8}") = "Presentacion", "Presentacion", "{6935A37F-3885-4892-A206-A4C9304F62F6}"
EndProject
Project("{FAE04EC0-301F-11D3-BF4B-00C04F79EFBC}") = "Presentacion.ApiManager", "Presentacion.ApiManager\Presentacion.ApiManager.csproj", "{F410FA36-8863-4D02-BD7D-CB5C9C434262}"
EndProject
Project("{FAE04EC0-301F-11D3-BF4B-00C04F79EFBC}") = "Dominio.ApiManager.Entidades", "Dominio.ApiManager.Entidades\Dominio.ApiManager.Entidades.csproj", "{BF34EA0E-4AE4-4281-8F70-77D4BDADE057}"
EndProject
Project("{FAE04EC0-301F-11D3-BF4B-00C04F79EFBC}") = "Infraestructura.General.Crypto", "Infraestructura.General.Crypto\Infraestructura.General.Crypto.csproj", "{065D52A2-F096-4ABC-A334-69870485A77E}"
EndProject
Project("{2150E333-8FDC-42A3-9474-1A3956D46DE8}") = "General", "General", "{6DBC24F4-E3E1-4D3C-B681-72743546DC02}"
EndProject
Project("{2150E333-8FDC-42A3-9474-1A3956D46DE8}") = "Data", "Data", "{4CFA28ED-8C27-49CA-8887-A11EAF64DE92}"
EndProject
Project("{FAE04EC0-301F-11D3-BF4B-00C04F79EFBC}") = "Infrastructura.Data.DataAccess", "Infrastructura.Data.DataAccess\Infrastructura.Data.DataAccess.csproj", "{463A49CE-DE0F-4237-B223-CB6984DF0FB5}"
EndProject
Project("{2150E333-8FDC-42A3-9474-1A3956D46DE8}") = "Ioc", "Ioc", "{5FC3A6BA-C965-4FA3-B1F3-6795F5AFEC76}"
EndProject
Project("{FAE04EC0-301F-11D3-BF4B-00C04F79EFBC}") = "Infrastructure.Ioc", "Infrastructure.Ioc\Infrastructure.Ioc.csproj", "{1DD3A369-42D4-488A-9C23-CCE104277879}"
EndProject
Project("{FAE04EC0-301F-11D3-BF4B-00C04F79EFBC}") = "Aplicacion.ApiManager.Services", "Aplicacion.ApiManager.Services\Aplicacion.ApiManager.Services.csproj", "{7FEB9163-7ED1-4CCF-A548-8C2CDBF068DA}"
EndProject
Project("{2150E333-8FDC-42A3-9474-1A3956D46DE8}") = "Test", "Test", "{D114A307-B428-424C-8547-B6178ECABF78}"
EndProject
Project("{FAE04EC0-301F-11D3-BF4B-00C04F79EFBC}") = "Aplicacion.Tests", "Aplicacion.Tests\Aplicacion.Tests.csproj", "{8650B795-6200-4068-8430-D072642676BA}"
EndProject
Global
	GlobalSection(SolutionConfigurationPlatforms) = preSolution
		Debug|Any CPU = Debug|Any CPU
		Release|Any CPU = Release|Any CPU
	EndGlobalSection
	GlobalSection(ProjectConfigurationPlatforms) = postSolution
		{F410FA36-8863-4D02-BD7D-CB5C9C434262}.Debug|Any CPU.ActiveCfg = Debug|Any CPU
		{F410FA36-8863-4D02-BD7D-CB5C9C434262}.Debug|Any CPU.Build.0 = Debug|Any CPU
		{F410FA36-8863-4D02-BD7D-CB5C9C434262}.Release|Any CPU.ActiveCfg = Release|Any CPU
		{F410FA36-8863-4D02-BD7D-CB5C9C434262}.Release|Any CPU.Build.0 = Release|Any CPU
		{BF34EA0E-4AE4-4281-8F70-77D4BDADE057}.Debug|Any CPU.ActiveCfg = Debug|Any CPU
		{BF34EA0E-4AE4-4281-8F70-77D4BDADE057}.Debug|Any CPU.Build.0 = Debug|Any CPU
		{BF34EA0E-4AE4-4281-8F70-77D4BDADE057}.Release|Any CPU.ActiveCfg = Release|Any CPU
		{BF34EA0E-4AE4-4281-8F70-77D4BDADE057}.Release|Any CPU.Build.0 = Release|Any CPU
		{065D52A2-F096-4ABC-A334-69870485A77E}.Debug|Any CPU.ActiveCfg = Debug|Any CPU
		{065D52A2-F096-4ABC-A334-69870485A77E}.Debug|Any CPU.Build.0 = Debug|Any CPU
		{065D52A2-F096-4ABC-A334-69870485A77E}.Release|Any CPU.ActiveCfg = Release|Any CPU
		{065D52A2-F096-4ABC-A334-69870485A77E}.Release|Any CPU.Build.0 = Release|Any CPU
		{463A49CE-DE0F-4237-B223-CB6984DF0FB5}.Debug|Any CPU.ActiveCfg = Debug|Any CPU
		{463A49CE-DE0F-4237-B223-CB6984DF0FB5}.Debug|Any CPU.Build.0 = Debug|Any CPU
		{463A49CE-DE0F-4237-B223-CB6984DF0FB5}.Release|Any CPU.ActiveCfg = Release|Any CPU
		{463A49CE-DE0F-4237-B223-CB6984DF0FB5}.Release|Any CPU.Build.0 = Release|Any CPU
		{1DD3A369-42D4-488A-9C23-CCE104277879}.Debug|Any CPU.ActiveCfg = Debug|Any CPU
		{1DD3A369-42D4-488A-9C23-CCE104277879}.Debug|Any CPU.Build.0 = Debug|Any CPU
		{1DD3A369-42D4-488A-9C23-CCE104277879}.Release|Any CPU.ActiveCfg = Release|Any CPU
		{1DD3A369-42D4-488A-9C23-CCE104277879}.Release|Any CPU.Build.0 = Release|Any CPU
		{7FEB9163-7ED1-4CCF-A548-8C2CDBF068DA}.Debug|Any CPU.ActiveCfg = Debug|Any CPU
		{7FEB9163-7ED1-4CCF-A548-8C2CDBF068DA}.Debug|Any CPU.Build.0 = Debug|Any CPU
		{7FEB9163-7ED1-4CCF-A548-8C2CDBF068DA}.Release|Any CPU.ActiveCfg = Release|Any CPU
		{7FEB9163-7ED1-4CCF-A548-8C2CDBF068DA}.Release|Any CPU.Build.0 = Release|Any CPU
		{8650B795-6200-4068-8430-D072642676BA}.Debug|Any CPU.ActiveCfg = Debug|Any CPU
		{8650B795-6200-4068-8430-D072642676BA}.Debug|Any CPU.Build.0 = Debug|Any CPU
		{8650B795-6200-4068-8430-D072642676BA}.Release|Any CPU.ActiveCfg = Release|Any CPU
		{8650B795-6200-4068-8430-D072642676BA}.Release|Any CPU.Build.0 = Release|Any CPU
	EndGlobalSection
	GlobalSection(SolutionProperties) = preSolution
		HideSolutionNode = FALSE
	EndGlobalSection
	GlobalSection(NestedProjects) = preSolution
		{7C77D3F7-8F93-4334-8310-F1AAECA4BB93} = {D8A9276E-974D-412D-BC36-7CDDF3133AB8}
		{34F0466C-3D63-4681-9E91-7247F3DECE62} = {D8A9276E-974D-412D-BC36-7CDDF3133AB8}
		{54F0A27A-80AF-44AC-AACA-E2CAAC53FF15} = {D8A9276E-974D-412D-BC36-7CDDF3133AB8}
		{6935A37F-3885-4892-A206-A4C9304F62F6} = {D8A9276E-974D-412D-BC36-7CDDF3133AB8}
		{F410FA36-8863-4D02-BD7D-CB5C9C434262} = {6935A37F-3885-4892-A206-A4C9304F62F6}
		{BF34EA0E-4AE4-4281-8F70-77D4BDADE057} = {34F0466C-3D63-4681-9E91-7247F3DECE62}
		{065D52A2-F096-4ABC-A334-69870485A77E} = {6DBC24F4-E3E1-4D3C-B681-72743546DC02}
		{6DBC24F4-E3E1-4D3C-B681-72743546DC02} = {54F0A27A-80AF-44AC-AACA-E2CAAC53FF15}
		{4CFA28ED-8C27-49CA-8887-A11EAF64DE92} = {54F0A27A-80AF-44AC-AACA-E2CAAC53FF15}
		{463A49CE-DE0F-4237-B223-CB6984DF0FB5} = {4CFA28ED-8C27-49CA-8887-A11EAF64DE92}
		{5FC3A6BA-C965-4FA3-B1F3-6795F5AFEC76} = {54F0A27A-80AF-44AC-AACA-E2CAAC53FF15}
		{1DD3A369-42D4-488A-9C23-CCE104277879} = {5FC3A6BA-C965-4FA3-B1F3-6795F5AFEC76}
		{7FEB9163-7ED1-4CCF-A548-8C2CDBF068DA} = {7C77D3F7-8F93-4334-8310-F1AAECA4BB93}
		{D114A307-B428-424C-8547-B6178ECABF78} = {D8A9276E-974D-412D-BC36-7CDDF3133AB8}
		{8650B795-6200-4068-8430-D072642676BA} = {D114A307-B428-424C-8547-B6178ECABF78}
	EndGlobalSection
	GlobalSection(ExtensibilityGlobals) = postSolution
		SolutionGuid = {0BC87845-2335-4C5E-9327-927398F65989}
	EndGlobalSection
EndGlobal
